
Microsoft Visual Studio Solution File, Format Version 12.00
# Visual Studio Version 16
VisualStudioVersion = 16.0.32126.315
MinimumVisualStudioVersion = 10.0.40219.1
Project("{FAE04EC0-301F-11D3-BF4B-00C04F79EFBC}") = "Integrated System Project", "Integrated System Project.csproj", "{21E47CEB-74A7-4531-9AFE-374D6591C6E9}"
EndProject
Global
	GlobalSection(SolutionConfigurationPlatforms) = preSolution
		Debug|Any CPU = Debug|Any CPU
		Release|Any CPU = Release|Any CPU
	EndGlobalSection
	GlobalSection(ProjectConfigurationPlatforms) = postSolution
		{21E47CEB-74A7-4531-9AFE-374D6591C6E9}.Debug|Any CPU.ActiveCfg = Debug|Any CPU
		{21E47CEB-74A7-4531-9AFE-374D6591C6E9}.Debug|Any CPU.Build.0 = Debug|Any CPU
		{21E47CEB-74A7-4531-9AFE-374D6591C6E9}.Release|Any CPU.ActiveCfg = Release|Any CPU
		{21E47CEB-74A7-4531-9AFE-374D6591C6E9}.Release|Any CPU.Build.0 = Release|Any CPU
	EndGlobalSection
	GlobalSection(SolutionProperties) = preSolution
		HideSolutionNode = FALSE
	EndGlobalSection
	GlobalSection(ExtensibilityGlobals) = postSolution
		SolutionGuid = {CFDC2E45-F057-4916-A97B-01C6C1A3ABED}
	EndGlobalSection
EndGlobal
